
Microsoft Visual Studio Solution File, Format Version 12.00
# Visual Studio Version 16
VisualStudioVersion = 16.0.30011.22
MinimumVisualStudioVersion = 10.0.40219.1
Project("{2150E333-8FDC-42A3-9474-1A3956D46DE8}") = "01 - Teste de Unidade", "01 - Teste de Unidade", "{005C707D-BD3F-4454-BAF7-6904B9843065}"
EndProject
Project("{2150E333-8FDC-42A3-9474-1A3956D46DE8}") = "1.1 - Testes Basicos", "1.1 - Testes Basicos", "{E6C10061-B880-48B7-982B-FD9B48CAB9EC}"
EndProject
Project("{9A19103F-16F7-4668-BE54-9A1E7A4F7556}") = "Demo", "01 - Teste de Unidade\Demo\Demo.csproj", "{A29DB497-C8C5-43F6-B839-46590FA79E62}"
EndProject
Project("{9A19103F-16F7-4668-BE54-9A1E7A4F7556}") = "Demo.Tests", "01 - Teste de Unidade\Demo.Tests\Demo.Tests.csproj", "{50036C46-65F0-48DB-9A2C-66375F07A6CA}"
EndProject
Project("{2150E333-8FDC-42A3-9474-1A3956D46DE8}") = "2.2 - Features", "2.2 - Features", "{E77AB577-C5AD-4E72-BF1B-F168EFA77EF4}"
EndProject
Project("{9A19103F-16F7-4668-BE54-9A1E7A4F7556}") = "Features", "01 - Teste de Unidade\Features\Features.csproj", "{812D8917-1AAA-4A61-9DA6-09BA5156DA2C}"
EndProject
Project("{9A19103F-16F7-4668-BE54-9A1E7A4F7556}") = "Features.Tests", "01 - Teste de Unidade\Features.Tests\Features.Tests.csproj", "{4BD5B9E1-A3DE-44A5-89E3-62AF7EE67741}"
EndProject
Project("{2150E333-8FDC-42A3-9474-1A3956D46DE8}") = "02 - TDD", "02 - TDD", "{8BE10580-7704-4E0F-AE5D-686A5C87FD7B}"
EndProject
Project("{2150E333-8FDC-42A3-9474-1A3956D46DE8}") = "Tests", "Tests", "{1D022E86-33FF-4A69-BD3D-54C662923094}"
EndProject
Project("{9A19103F-16F7-4668-BE54-9A1E7A4F7556}") = "NerdStore.Vendas.Application.Tests", "02 - TDD\tests\NerdStore.Vendas.Application.Tests\NerdStore.Vendas.Application.Tests.csproj", "{5D539187-510F-44FE-B922-08627EE10CC9}"
EndProject
Project("{9A19103F-16F7-4668-BE54-9A1E7A4F7556}") = "NerdStore.Vendas.Domain.Tests", "02 - TDD\tests\NerdStore.Vendas.Domain.Tests\NerdStore.Vendas.Domain.Tests.csproj", "{24450590-0AD5-4EE0-8FA0-39131B72F3B5}"
EndProject
Project("{9A19103F-16F7-4668-BE54-9A1E7A4F7556}") = "NerdStore.Vendas.Domain", "02 - TDD\src\NerdStore.Vendas.Domain\NerdStore.Vendas.Domain.csproj", "{D41EEB1B-54D7-4306-BA37-75B9817BD0B2}"
EndProject
Project("{9A19103F-16F7-4668-BE54-9A1E7A4F7556}") = "NerdStore.Core", "02 - TDD\src\NerdStore.core\NerdStore.Core.csproj", "{E99B3D20-E4F2-4D02-9689-9A5911C228AB}"
EndProject
Project("{9A19103F-16F7-4668-BE54-9A1E7A4F7556}") = "NerdStore.Vendas.Application", "02 - TDD\src\NerdStore.Vendas.Application\NerdStore.Vendas.Application.csproj", "{9046747D-B5B6-40EE-90D1-13868A5E6312}"
EndProject
Project("{9A19103F-16F7-4668-BE54-9A1E7A4F7556}") = "NerdStore.Vendas.Data", "02 - TDD\src\NerdStore.Vendas.Data\NerdStore.Vendas.Data.csproj", "{6BF37330-0BBE-450F-B9DD-77EDAB2FC7CA}"
EndProject
Project("{2150E333-8FDC-42A3-9474-1A3956D46DE8}") = "03 - Testes de Integração", "03 - Testes de Integração", "{0A9CA740-9FB4-4D15-9F68-A442ECE599B7}"
EndProject
Project("{2150E333-8FDC-42A3-9474-1A3956D46DE8}") = "Integration Tests", "Integration Tests", "{8F149B09-4EA7-4FBA-956C-4AF4C232E422}"
EndProject
Project("{9A19103F-16F7-4668-BE54-9A1E7A4F7556}") = "NerdStore.Catalogo.Domain", "03 - Testes de Integração\src\NerdStore.Catalogo.Domain\NerdStore.Catalogo.Domain.csproj", "{8257B083-9D60-4A55-B4DF-D231B6F0DC4C}"
EndProject
Project("{9A19103F-16F7-4668-BE54-9A1E7A4F7556}") = "NerdStore.Catalogo.Data", "03 - Testes de Integração\src\NerdStore.Catalogo.Data\NerdStore.Catalogo.Data.csproj", "{3C1A2B54-3DE0-4055-8915-A43E9F29C789}"
EndProject
Project("{9A19103F-16F7-4668-BE54-9A1E7A4F7556}") = "NerdStore.Catalogo.Application", "03 - Testes de Integração\src\NerdStore.Catalogo.Application\NerdStore.Catalogo.Application.csproj", "{E3E0DF1D-D714-404D-88F3-ED6D00FC524F}"
EndProject
Project("{9A19103F-16F7-4668-BE54-9A1E7A4F7556}") = "NerdStore.WebApp.MVC", "03 - Testes de Integração\src\NerdStore.WebApp.MVC\NerdStore.WebApp.MVC.csproj", "{1C712F40-51BB-445F-A10D-BCC66F963225}"
EndProject
Project("{9A19103F-16F7-4668-BE54-9A1E7A4F7556}") = "NerdStore.WebApp.Tests", "03 - Testes de Integração\tests\NerdStore.WebApp.Tests\NerdStore.WebApp.Tests.csproj", "{1C5DAE12-5E7D-4737-A079-D84997F02423}"
EndProject
Project("{2150E333-8FDC-42A3-9474-1A3956D46DE8}") = "04 - BDD", "04 - BDD", "{50D28C33-3274-4332-BC40-4D609109E14B}"
EndProject
Project("{FAE04EC0-301F-11D3-BF4B-00C04F79EFBC}") = "NerdStore.BDD.Tests", "04 - BDD\tests\NerdStore.BDD.Tests\NerdStore.BDD.Tests.csproj", "{56BD0A2B-1EF1-42D8-AEFC-471B3F566139}"
EndProject
Global
	GlobalSection(SolutionConfigurationPlatforms) = preSolution
		Debug|Any CPU = Debug|Any CPU
		Release|Any CPU = Release|Any CPU
	EndGlobalSection
	GlobalSection(ProjectConfigurationPlatforms) = postSolution
		{A29DB497-C8C5-43F6-B839-46590FA79E62}.Debug|Any CPU.ActiveCfg = Debug|Any CPU
		{A29DB497-C8C5-43F6-B839-46590FA79E62}.Debug|Any CPU.Build.0 = Debug|Any CPU
		{A29DB497-C8C5-43F6-B839-46590FA79E62}.Release|Any CPU.ActiveCfg = Release|Any CPU
		{A29DB497-C8C5-43F6-B839-46590FA79E62}.Release|Any CPU.Build.0 = Release|Any CPU
		{50036C46-65F0-48DB-9A2C-66375F07A6CA}.Debug|Any CPU.ActiveCfg = Debug|Any CPU
		{50036C46-65F0-48DB-9A2C-66375F07A6CA}.Debug|Any CPU.Build.0 = Debug|Any CPU
		{50036C46-65F0-48DB-9A2C-66375F07A6CA}.Release|Any CPU.ActiveCfg = Release|Any CPU
		{50036C46-65F0-48DB-9A2C-66375F07A6CA}.Release|Any CPU.Build.0 = Release|Any CPU
		{812D8917-1AAA-4A61-9DA6-09BA5156DA2C}.Debug|Any CPU.ActiveCfg = Debug|Any CPU
		{812D8917-1AAA-4A61-9DA6-09BA5156DA2C}.Debug|Any CPU.Build.0 = Debug|Any CPU
		{812D8917-1AAA-4A61-9DA6-09BA5156DA2C}.Release|Any CPU.ActiveCfg = Release|Any CPU
		{812D8917-1AAA-4A61-9DA6-09BA5156DA2C}.Release|Any CPU.Build.0 = Release|Any CPU
		{4BD5B9E1-A3DE-44A5-89E3-62AF7EE67741}.Debug|Any CPU.ActiveCfg = Debug|Any CPU
		{4BD5B9E1-A3DE-44A5-89E3-62AF7EE67741}.Debug|Any CPU.Build.0 = Debug|Any CPU
		{4BD5B9E1-A3DE-44A5-89E3-62AF7EE67741}.Release|Any CPU.ActiveCfg = Release|Any CPU
		{4BD5B9E1-A3DE-44A5-89E3-62AF7EE67741}.Release|Any CPU.Build.0 = Release|Any CPU
		{5D539187-510F-44FE-B922-08627EE10CC9}.Debug|Any CPU.ActiveCfg = Debug|Any CPU
		{5D539187-510F-44FE-B922-08627EE10CC9}.Debug|Any CPU.Build.0 = Debug|Any CPU
		{5D539187-510F-44FE-B922-08627EE10CC9}.Release|Any CPU.ActiveCfg = Release|Any CPU
		{5D539187-510F-44FE-B922-08627EE10CC9}.Release|Any CPU.Build.0 = Release|Any CPU
		{24450590-0AD5-4EE0-8FA0-39131B72F3B5}.Debug|Any CPU.ActiveCfg = Debug|Any CPU
		{24450590-0AD5-4EE0-8FA0-39131B72F3B5}.Debug|Any CPU.Build.0 = Debug|Any CPU
		{24450590-0AD5-4EE0-8FA0-39131B72F3B5}.Release|Any CPU.ActiveCfg = Release|Any CPU
		{24450590-0AD5-4EE0-8FA0-39131B72F3B5}.Release|Any CPU.Build.0 = Release|Any CPU
		{D41EEB1B-54D7-4306-BA37-75B9817BD0B2}.Debug|Any CPU.ActiveCfg = Debug|Any CPU
		{D41EEB1B-54D7-4306-BA37-75B9817BD0B2}.Debug|Any CPU.Build.0 = Debug|Any CPU
		{D41EEB1B-54D7-4306-BA37-75B9817BD0B2}.Release|Any CPU.ActiveCfg = Release|Any CPU
		{D41EEB1B-54D7-4306-BA37-75B9817BD0B2}.Release|Any CPU.Build.0 = Release|Any CPU
		{E99B3D20-E4F2-4D02-9689-9A5911C228AB}.Debug|Any CPU.ActiveCfg = Debug|Any CPU
		{E99B3D20-E4F2-4D02-9689-9A5911C228AB}.Debug|Any CPU.Build.0 = Debug|Any CPU
		{E99B3D20-E4F2-4D02-9689-9A5911C228AB}.Release|Any CPU.ActiveCfg = Release|Any CPU
		{E99B3D20-E4F2-4D02-9689-9A5911C228AB}.Release|Any CPU.Build.0 = Release|Any CPU
		{9046747D-B5B6-40EE-90D1-13868A5E6312}.Debug|Any CPU.ActiveCfg = Debug|Any CPU
		{9046747D-B5B6-40EE-90D1-13868A5E6312}.Debug|Any CPU.Build.0 = Debug|Any CPU
		{9046747D-B5B6-40EE-90D1-13868A5E6312}.Release|Any CPU.ActiveCfg = Release|Any CPU
		{9046747D-B5B6-40EE-90D1-13868A5E6312}.Release|Any CPU.Build.0 = Release|Any CPU
		{6BF37330-0BBE-450F-B9DD-77EDAB2FC7CA}.Debug|Any CPU.ActiveCfg = Debug|Any CPU
		{6BF37330-0BBE-450F-B9DD-77EDAB2FC7CA}.Debug|Any CPU.Build.0 = Debug|Any CPU
		{6BF37330-0BBE-450F-B9DD-77EDAB2FC7CA}.Release|Any CPU.ActiveCfg = Release|Any CPU
		{6BF37330-0BBE-450F-B9DD-77EDAB2FC7CA}.Release|Any CPU.Build.0 = Release|Any CPU
		{8257B083-9D60-4A55-B4DF-D231B6F0DC4C}.Debug|Any CPU.ActiveCfg = Debug|Any CPU
		{8257B083-9D60-4A55-B4DF-D231B6F0DC4C}.Debug|Any CPU.Build.0 = Debug|Any CPU
		{8257B083-9D60-4A55-B4DF-D231B6F0DC4C}.Release|Any CPU.ActiveCfg = Release|Any CPU
		{8257B083-9D60-4A55-B4DF-D231B6F0DC4C}.Release|Any CPU.Build.0 = Release|Any CPU
		{3C1A2B54-3DE0-4055-8915-A43E9F29C789}.Debug|Any CPU.ActiveCfg = Debug|Any CPU
		{3C1A2B54-3DE0-4055-8915-A43E9F29C789}.Debug|Any CPU.Build.0 = Debug|Any CPU
		{3C1A2B54-3DE0-4055-8915-A43E9F29C789}.Release|Any CPU.ActiveCfg = Release|Any CPU
		{3C1A2B54-3DE0-4055-8915-A43E9F29C789}.Release|Any CPU.Build.0 = Release|Any CPU
		{E3E0DF1D-D714-404D-88F3-ED6D00FC524F}.Debug|Any CPU.ActiveCfg = Debug|Any CPU
		{E3E0DF1D-D714-404D-88F3-ED6D00FC524F}.Debug|Any CPU.Build.0 = Debug|Any CPU
		{E3E0DF1D-D714-404D-88F3-ED6D00FC524F}.Release|Any CPU.ActiveCfg = Release|Any CPU
		{E3E0DF1D-D714-404D-88F3-ED6D00FC524F}.Release|Any CPU.Build.0 = Release|Any CPU
		{1C712F40-51BB-445F-A10D-BCC66F963225}.Debug|Any CPU.ActiveCfg = Debug|Any CPU
		{1C712F40-51BB-445F-A10D-BCC66F963225}.Debug|Any CPU.Build.0 = Debug|Any CPU
		{1C712F40-51BB-445F-A10D-BCC66F963225}.Release|Any CPU.ActiveCfg = Release|Any CPU
		{1C712F40-51BB-445F-A10D-BCC66F963225}.Release|Any CPU.Build.0 = Release|Any CPU
		{1C5DAE12-5E7D-4737-A079-D84997F02423}.Debug|Any CPU.ActiveCfg = Debug|Any CPU
		{1C5DAE12-5E7D-4737-A079-D84997F02423}.Debug|Any CPU.Build.0 = Debug|Any CPU
		{1C5DAE12-5E7D-4737-A079-D84997F02423}.Release|Any CPU.ActiveCfg = Release|Any CPU
		{1C5DAE12-5E7D-4737-A079-D84997F02423}.Release|Any CPU.Build.0 = Release|Any CPU
		{56BD0A2B-1EF1-42D8-AEFC-471B3F566139}.Debug|Any CPU.ActiveCfg = Debug|Any CPU
		{56BD0A2B-1EF1-42D8-AEFC-471B3F566139}.Debug|Any CPU.Build.0 = Debug|Any CPU
		{56BD0A2B-1EF1-42D8-AEFC-471B3F566139}.Release|Any CPU.ActiveCfg = Release|Any CPU
		{56BD0A2B-1EF1-42D8-AEFC-471B3F566139}.Release|Any CPU.Build.0 = Release|Any CPU
	EndGlobalSection
	GlobalSection(SolutionProperties) = preSolution
		HideSolutionNode = FALSE
	EndGlobalSection
	GlobalSection(NestedProjects) = preSolution
		{E6C10061-B880-48B7-982B-FD9B48CAB9EC} = {005C707D-BD3F-4454-BAF7-6904B9843065}
		{A29DB497-C8C5-43F6-B839-46590FA79E62} = {E6C10061-B880-48B7-982B-FD9B48CAB9EC}
		{50036C46-65F0-48DB-9A2C-66375F07A6CA} = {E6C10061-B880-48B7-982B-FD9B48CAB9EC}
		{E77AB577-C5AD-4E72-BF1B-F168EFA77EF4} = {005C707D-BD3F-4454-BAF7-6904B9843065}
		{812D8917-1AAA-4A61-9DA6-09BA5156DA2C} = {E77AB577-C5AD-4E72-BF1B-F168EFA77EF4}
		{4BD5B9E1-A3DE-44A5-89E3-62AF7EE67741} = {E77AB577-C5AD-4E72-BF1B-F168EFA77EF4}
		{1D022E86-33FF-4A69-BD3D-54C662923094} = {8BE10580-7704-4E0F-AE5D-686A5C87FD7B}
		{5D539187-510F-44FE-B922-08627EE10CC9} = {1D022E86-33FF-4A69-BD3D-54C662923094}
		{24450590-0AD5-4EE0-8FA0-39131B72F3B5} = {1D022E86-33FF-4A69-BD3D-54C662923094}
		{D41EEB1B-54D7-4306-BA37-75B9817BD0B2} = {8BE10580-7704-4E0F-AE5D-686A5C87FD7B}
		{E99B3D20-E4F2-4D02-9689-9A5911C228AB} = {8BE10580-7704-4E0F-AE5D-686A5C87FD7B}
		{9046747D-B5B6-40EE-90D1-13868A5E6312} = {8BE10580-7704-4E0F-AE5D-686A5C87FD7B}
		{6BF37330-0BBE-450F-B9DD-77EDAB2FC7CA} = {8BE10580-7704-4E0F-AE5D-686A5C87FD7B}
		{8F149B09-4EA7-4FBA-956C-4AF4C232E422} = {0A9CA740-9FB4-4D15-9F68-A442ECE599B7}
		{8257B083-9D60-4A55-B4DF-D231B6F0DC4C} = {0A9CA740-9FB4-4D15-9F68-A442ECE599B7}
		{3C1A2B54-3DE0-4055-8915-A43E9F29C789} = {0A9CA740-9FB4-4D15-9F68-A442ECE599B7}
		{E3E0DF1D-D714-404D-88F3-ED6D00FC524F} = {0A9CA740-9FB4-4D15-9F68-A442ECE599B7}
		{1C712F40-51BB-445F-A10D-BCC66F963225} = {0A9CA740-9FB4-4D15-9F68-A442ECE599B7}
		{1C5DAE12-5E7D-4737-A079-D84997F02423} = {8F149B09-4EA7-4FBA-956C-4AF4C232E422}
		{56BD0A2B-1EF1-42D8-AEFC-471B3F566139} = {50D28C33-3274-4332-BC40-4D609109E14B}
	EndGlobalSection
	GlobalSection(ExtensibilityGlobals) = postSolution
		SolutionGuid = {39D20830-6D2D-4332-91A9-80A9A3B34387}
	EndGlobalSection
EndGlobal
